
Microsoft Visual Studio Solution File, Format Version 12.00
# Visual Studio 15
VisualStudioVersion = 15.0.28307.421
MinimumVisualStudioVersion = 10.0.40219.1
Project("{FAE04EC0-301F-11D3-BF4B-00C04F79EFBC}") = "WebAppMVC", "WebAppMVC\WebAppMVC.csproj", "{D9C518CE-DDD2-42F1-B62C-12C13AABB540}"
EndProject
Global
	GlobalSection(SolutionConfigurationPlatforms) = preSolution
		Debug|Any CPU = Debug|Any CPU
		Release|Any CPU = Release|Any CPU
	EndGlobalSection
	GlobalSection(ProjectConfigurationPlatforms) = postSolution
		{D9C518CE-DDD2-42F1-B62C-12C13AABB540}.Debug|Any CPU.ActiveCfg = Debug|Any CPU
		{D9C518CE-DDD2-42F1-B62C-12C13AABB540}.Debug|Any CPU.Build.0 = Debug|Any CPU
		{D9C518CE-DDD2-42F1-B62C-12C13AABB540}.Release|Any CPU.ActiveCfg = Release|Any CPU
		{D9C518CE-DDD2-42F1-B62C-12C13AABB540}.Release|Any CPU.Build.0 = Release|Any CPU
	EndGlobalSection
	GlobalSection(SolutionProperties) = preSolution
		HideSolutionNode = FALSE
	EndGlobalSection
	GlobalSection(ExtensibilityGlobals) = postSolution
		SolutionGuid = {9BE1CF67-192E-43B6-836E-DFA9497437CB}
	EndGlobalSection
EndGlobal
